
Microsoft Visual Studio Solution File, Format Version 12.00
# Visual Studio Version 17
VisualStudioVersion = 17.3.32922.545
MinimumVisualStudioVersion = 10.0.40219.1
Project("{FAE04EC0-301F-11D3-BF4B-00C04F79EFBC}") = "Scooter-rental", "Scooter-rental\Scooter-rental.csproj", "{58FD1B48-8395-4629-9A62-69365167A031}"
EndProject
Project("{FAE04EC0-301F-11D3-BF4B-00C04F79EFBC}") = "Scooter-rental.Core", "Scooter-rental.Core\Scooter-rental.Core.csproj", "{741F1CC2-DF65-4EA9-AB8A-C3B8FD296749}"
EndProject
Project("{FAE04EC0-301F-11D3-BF4B-00C04F79EFBC}") = "Scooter-rental.Data", "Scooter-rental.Data\Scooter-rental.Data.csproj", "{405848DF-BF9E-4ADF-BCE7-99CD6315325B}"
EndProject
Project("{FAE04EC0-301F-11D3-BF4B-00C04F79EFBC}") = "Scooter-rental.Services", "Scooter-rental.Services\Scooter-rental.Services.csproj", "{804E5DD5-58CD-46D4-B5C7-A3F462FCDA99}"
EndProject
Global
	GlobalSection(SolutionConfigurationPlatforms) = preSolution
		Debug|Any CPU = Debug|Any CPU
		Release|Any CPU = Release|Any CPU
	EndGlobalSection
	GlobalSection(ProjectConfigurationPlatforms) = postSolution
		{58FD1B48-8395-4629-9A62-69365167A031}.Debug|Any CPU.ActiveCfg = Debug|Any CPU
		{58FD1B48-8395-4629-9A62-69365167A031}.Debug|Any CPU.Build.0 = Debug|Any CPU
		{58FD1B48-8395-4629-9A62-69365167A031}.Release|Any CPU.ActiveCfg = Release|Any CPU
		{58FD1B48-8395-4629-9A62-69365167A031}.Release|Any CPU.Build.0 = Release|Any CPU
		{741F1CC2-DF65-4EA9-AB8A-C3B8FD296749}.Debug|Any CPU.ActiveCfg = Debug|Any CPU
		{741F1CC2-DF65-4EA9-AB8A-C3B8FD296749}.Debug|Any CPU.Build.0 = Debug|Any CPU
		{741F1CC2-DF65-4EA9-AB8A-C3B8FD296749}.Release|Any CPU.ActiveCfg = Release|Any CPU
		{741F1CC2-DF65-4EA9-AB8A-C3B8FD296749}.Release|Any CPU.Build.0 = Release|Any CPU
		{405848DF-BF9E-4ADF-BCE7-99CD6315325B}.Debug|Any CPU.ActiveCfg = Debug|Any CPU
		{405848DF-BF9E-4ADF-BCE7-99CD6315325B}.Debug|Any CPU.Build.0 = Debug|Any CPU
		{405848DF-BF9E-4ADF-BCE7-99CD6315325B}.Release|Any CPU.ActiveCfg = Release|Any CPU
		{405848DF-BF9E-4ADF-BCE7-99CD6315325B}.Release|Any CPU.Build.0 = Release|Any CPU
		{804E5DD5-58CD-46D4-B5C7-A3F462FCDA99}.Debug|Any CPU.ActiveCfg = Debug|Any CPU
		{804E5DD5-58CD-46D4-B5C7-A3F462FCDA99}.Debug|Any CPU.Build.0 = Debug|Any CPU
		{804E5DD5-58CD-46D4-B5C7-A3F462FCDA99}.Release|Any CPU.ActiveCfg = Release|Any CPU
		{804E5DD5-58CD-46D4-B5C7-A3F462FCDA99}.Release|Any CPU.Build.0 = Release|Any CPU
	EndGlobalSection
	GlobalSection(SolutionProperties) = preSolution
		HideSolutionNode = FALSE
	EndGlobalSection
	GlobalSection(ExtensibilityGlobals) = postSolution
		SolutionGuid = {4F8E1F8F-332A-4C3F-BE4C-055B6DC4755A}
	EndGlobalSection
EndGlobal
